
Microsoft Visual Studio Solution File, Format Version 12.00
# Visual Studio 15
VisualStudioVersion = 15.0.26730.12
MinimumVisualStudioVersion = 10.0.40219.1
Project("{FAE04EC0-301F-11D3-BF4B-00C04F79EFBC}") = "BattleFieldRemains", "BattleFieldRemains\BattleFieldRemains.csproj", "{D1C1FF05-B9AA-4BAF-8265-3B830D826E86}"
EndProject
Global
	GlobalSection(SolutionConfigurationPlatforms) = preSolution
		Debug|Any CPU = Debug|Any CPU
		Release|Any CPU = Release|Any CPU
	EndGlobalSection
	GlobalSection(ProjectConfigurationPlatforms) = postSolution
		{D1C1FF05-B9AA-4BAF-8265-3B830D826E86}.Debug|Any CPU.ActiveCfg = Debug|Any CPU
		{D1C1FF05-B9AA-4BAF-8265-3B830D826E86}.Debug|Any CPU.Build.0 = Debug|Any CPU
		{D1C1FF05-B9AA-4BAF-8265-3B830D826E86}.Release|Any CPU.ActiveCfg = Release|Any CPU
		{D1C1FF05-B9AA-4BAF-8265-3B830D826E86}.Release|Any CPU.Build.0 = Release|Any CPU
	EndGlobalSection
	GlobalSection(SolutionProperties) = preSolution
		HideSolutionNode = FALSE
	EndGlobalSection
	GlobalSection(ExtensibilityGlobals) = postSolution
		SolutionGuid = {C85CAE54-AC15-4D73-8720-72012A1A957D}
	EndGlobalSection
EndGlobal
