
Microsoft Visual Studio Solution File, Format Version 12.00
# Visual Studio 15
VisualStudioVersion = 15.0.26730.12
MinimumVisualStudioVersion = 10.0.40219.1
Project("{FAE04EC0-301F-11D3-BF4B-00C04F79EFBC}") = "GrasslandAndPrarieSights", "GrasslandAndPrarieSights\GrasslandAndPrarieSights.csproj", "{32FACED7-F239-49FC-9C35-2A269C79149B}"
EndProject
Global
	GlobalSection(SolutionConfigurationPlatforms) = preSolution
		Debug|Any CPU = Debug|Any CPU
		Release|Any CPU = Release|Any CPU
	EndGlobalSection
	GlobalSection(ProjectConfigurationPlatforms) = postSolution
		{32FACED7-F239-49FC-9C35-2A269C79149B}.Debug|Any CPU.ActiveCfg = Debug|Any CPU
		{32FACED7-F239-49FC-9C35-2A269C79149B}.Debug|Any CPU.Build.0 = Debug|Any CPU
		{32FACED7-F239-49FC-9C35-2A269C79149B}.Release|Any CPU.ActiveCfg = Release|Any CPU
		{32FACED7-F239-49FC-9C35-2A269C79149B}.Release|Any CPU.Build.0 = Release|Any CPU
	EndGlobalSection
	GlobalSection(SolutionProperties) = preSolution
		HideSolutionNode = FALSE
	EndGlobalSection
	GlobalSection(ExtensibilityGlobals) = postSolution
		SolutionGuid = {6DDF2A26-3588-4599-A39A-A05C220EAC13}
	EndGlobalSection
EndGlobal
