
Microsoft Visual Studio Solution File, Format Version 12.00
# Visual Studio 15
VisualStudioVersion = 15.0.26730.12
MinimumVisualStudioVersion = 10.0.40219.1
Project("{FAE04EC0-301F-11D3-BF4B-00C04F79EFBC}") = "Islands", "Islands\Islands.csproj", "{B21EA24D-AAED-4168-A85D-9303A0D9C2C4}"
EndProject
Global
	GlobalSection(SolutionConfigurationPlatforms) = preSolution
		Debug|Any CPU = Debug|Any CPU
		Release|Any CPU = Release|Any CPU
	EndGlobalSection
	GlobalSection(ProjectConfigurationPlatforms) = postSolution
		{B21EA24D-AAED-4168-A85D-9303A0D9C2C4}.Debug|Any CPU.ActiveCfg = Debug|Any CPU
		{B21EA24D-AAED-4168-A85D-9303A0D9C2C4}.Debug|Any CPU.Build.0 = Debug|Any CPU
		{B21EA24D-AAED-4168-A85D-9303A0D9C2C4}.Release|Any CPU.ActiveCfg = Release|Any CPU
		{B21EA24D-AAED-4168-A85D-9303A0D9C2C4}.Release|Any CPU.Build.0 = Release|Any CPU
	EndGlobalSection
	GlobalSection(SolutionProperties) = preSolution
		HideSolutionNode = FALSE
	EndGlobalSection
	GlobalSection(ExtensibilityGlobals) = postSolution
		SolutionGuid = {2B5513ED-575C-423D-AAD8-671255F56A72}
	EndGlobalSection
EndGlobal
