
Microsoft Visual Studio Solution File, Format Version 12.00
# Visual Studio 15
VisualStudioVersion = 15.0.26730.12
MinimumVisualStudioVersion = 10.0.40219.1
Project("{FAE04EC0-301F-11D3-BF4B-00C04F79EFBC}") = "PotionComponents", "PotionComponents\PotionComponents.csproj", "{3238B162-F382-45E5-8DA9-AA414B757815}"
EndProject
Global
	GlobalSection(SolutionConfigurationPlatforms) = preSolution
		Debug|Any CPU = Debug|Any CPU
		Release|Any CPU = Release|Any CPU
	EndGlobalSection
	GlobalSection(ProjectConfigurationPlatforms) = postSolution
		{3238B162-F382-45E5-8DA9-AA414B757815}.Debug|Any CPU.ActiveCfg = Debug|Any CPU
		{3238B162-F382-45E5-8DA9-AA414B757815}.Debug|Any CPU.Build.0 = Debug|Any CPU
		{3238B162-F382-45E5-8DA9-AA414B757815}.Release|Any CPU.ActiveCfg = Release|Any CPU
		{3238B162-F382-45E5-8DA9-AA414B757815}.Release|Any CPU.Build.0 = Release|Any CPU
	EndGlobalSection
	GlobalSection(SolutionProperties) = preSolution
		HideSolutionNode = FALSE
	EndGlobalSection
	GlobalSection(ExtensibilityGlobals) = postSolution
		SolutionGuid = {6348CF2A-EF4A-44D0-BE97-18B0DCC43CD6}
	EndGlobalSection
EndGlobal
