
Microsoft Visual Studio Solution File, Format Version 12.00
# Visual Studio 15
VisualStudioVersion = 15.0.26730.12
MinimumVisualStudioVersion = 10.0.40219.1
Project("{FAE04EC0-301F-11D3-BF4B-00C04F79EFBC}") = "Zombies", "Zombies\Zombies.csproj", "{3EF67846-1500-434E-9EB4-449D2DFCBA3B}"
EndProject
Global
	GlobalSection(SolutionConfigurationPlatforms) = preSolution
		Debug|Any CPU = Debug|Any CPU
		Release|Any CPU = Release|Any CPU
	EndGlobalSection
	GlobalSection(ProjectConfigurationPlatforms) = postSolution
		{3EF67846-1500-434E-9EB4-449D2DFCBA3B}.Debug|Any CPU.ActiveCfg = Debug|Any CPU
		{3EF67846-1500-434E-9EB4-449D2DFCBA3B}.Debug|Any CPU.Build.0 = Debug|Any CPU
		{3EF67846-1500-434E-9EB4-449D2DFCBA3B}.Release|Any CPU.ActiveCfg = Release|Any CPU
		{3EF67846-1500-434E-9EB4-449D2DFCBA3B}.Release|Any CPU.Build.0 = Release|Any CPU
	EndGlobalSection
	GlobalSection(SolutionProperties) = preSolution
		HideSolutionNode = FALSE
	EndGlobalSection
	GlobalSection(ExtensibilityGlobals) = postSolution
		SolutionGuid = {0661786A-C53A-4636-BDFB-AD6CA571582C}
	EndGlobalSection
EndGlobal
